
Microsoft Visual Studio Solution File, Format Version 12.00
# Visual Studio 15
VisualStudioVersion = 15.0.27130.2036
MinimumVisualStudioVersion = 10.0.40219.1
Project("{FAE04EC0-301F-11D3-BF4B-00C04F79EFBC}") = "WebApplication", "WebApplication\WebApplication.csproj", "{B0D0E72E-92CE-46B2-8A63-BED96625AD60}"
EndProject
Global
	GlobalSection(SolutionConfigurationPlatforms) = preSolution
		Debug|Any CPU = Debug|Any CPU
		Release|Any CPU = Release|Any CPU
	EndGlobalSection
	GlobalSection(ProjectConfigurationPlatforms) = postSolution
		{B0D0E72E-92CE-46B2-8A63-BED96625AD60}.Debug|Any CPU.ActiveCfg = Debug|Any CPU
		{B0D0E72E-92CE-46B2-8A63-BED96625AD60}.Debug|Any CPU.Build.0 = Debug|Any CPU
		{B0D0E72E-92CE-46B2-8A63-BED96625AD60}.Release|Any CPU.ActiveCfg = Release|Any CPU
		{B0D0E72E-92CE-46B2-8A63-BED96625AD60}.Release|Any CPU.Build.0 = Release|Any CPU
	EndGlobalSection
	GlobalSection(SolutionProperties) = preSolution
		HideSolutionNode = FALSE
	EndGlobalSection
	GlobalSection(ExtensibilityGlobals) = postSolution
		SolutionGuid = {C861E8BA-A457-4FFE-BF0A-43FB9D999F8C}
	EndGlobalSection
EndGlobal
